// !$*UTF8*$!
{
	archiveVersion = 1;
	classes = {
	};
	objectVersion = 50;
	objects = {

/* Begin PBXBuildFile section */
		71356CEF211C26FF00EBDF43 /* AppDelegate.swift in Sources */ = {isa = PBXBuildFile; fileRef = 71356CEE211C26FF00EBDF43 /* AppDelegate.swift */; };
		71356CF1211C26FF00EBDF43 /* ViewController.swift in Sources */ = {isa = PBXBuildFile; fileRef = 71356CF0211C26FF00EBDF43 /* ViewController.swift */; };
		71356CF4211C26FF00EBDF43 /* Main.storyboard in Resources */ = {isa = PBXBuildFile; fileRef = 71356CF2211C26FF00EBDF43 /* Main.storyboard */; };
		71356CF6211C270000EBDF43 /* Assets.xcassets in Resources */ = {isa = PBXBuildFile; fileRef = 71356CF5211C270000EBDF43 /* Assets.xcassets */; };
		71356CF9211C270000EBDF43 /* LaunchScreen.storyboard in Resources */ = {isa = PBXBuildFile; fileRef = 71356CF7211C270000EBDF43 /* LaunchScreen.storyboard */; };
		71356D04211C271D00EBDF43 /* LZSegmentControl.swift in Sources */ = {isa = PBXBuildFile; fileRef = 71356D01211C271D00EBDF43 /* LZSegmentControl.swift */; };
		71356D05211C271D00EBDF43 /* LZSegmentSlider.swift in Sources */ = {isa = PBXBuildFile; fileRef = 71356D02211C271D00EBDF43 /* LZSegmentSlider.swift */; };
		71356D06211C271D00EBDF43 /* LZSegmentContent.swift in Sources */ = {isa = PBXBuildFile; fileRef = 71356D03211C271D00EBDF43 /* LZSegmentContent.swift */; };
		71356D0B211C272400EBDF43 /* FontWidthViewController.swift in Sources */ = {isa = PBXBuildFile; fileRef = 71356D07211C272400EBDF43 /* FontWidthViewController.swift */; };
		71356D0C211C272400EBDF43 /* ExampleViewController.swift in Sources */ = {isa = PBXBuildFile; fileRef = 71356D08211C272400EBDF43 /* ExampleViewController.swift */; };
		71356D0D211C272400EBDF43 /* CellViewController.swift in Sources */ = {isa = PBXBuildFile; fileRef = 71356D09211C272400EBDF43 /* CellViewController.swift */; };
		71356D0E211C272400EBDF43 /* FixedWidthLineViewController.swift in Sources */ = {isa = PBXBuildFile; fileRef = 71356D0A211C272400EBDF43 /* FixedWidthLineViewController.swift */; };
		71356D14211C272C00EBDF43 /* NormalViewController.swift in Sources */ = {isa = PBXBuildFile; fileRef = 71356D0F211C272C00EBDF43 /* NormalViewController.swift */; };
		71356D15211C272C00EBDF43 /* NoEffectViewController.swift in Sources */ = {isa = PBXBuildFile; fileRef = 71356D10211C272C00EBDF43 /* NoEffectViewController.swift */; };
		71356D16211C272C00EBDF43 /* MoreViewController.swift in Sources */ = {isa = PBXBuildFile; fileRef = 71356D11211C272C00EBDF43 /* MoreViewController.swift */; };
		71356D17211C272C00EBDF43 /* NoFontScaleViewController.swift in Sources */ = {isa = PBXBuildFile; fileRef = 71356D12211C272C00EBDF43 /* NoFontScaleViewController.swift */; };
		71356D18211C272C00EBDF43 /* ScaleLineViewController.swift in Sources */ = {isa = PBXBuildFile; fileRef = 71356D13211C272C00EBDF43 /* ScaleLineViewController.swift */; };
/* End PBXBuildFile section */

/* Begin PBXFileReference section */
		71356CEB211C26FE00EBDF43 /* Example.app */ = {isa = PBXFileReference; explicitFileType = wrapper.application; includeInIndex = 0; path = Example.app; sourceTree = BUILT_PRODUCTS_DIR; };
		71356CEE211C26FF00EBDF43 /* AppDelegate.swift */ = {isa = PBXFileReference; lastKnownFileType = sourcecode.swift; path = AppDelegate.swift; sourceTree = "<group>"; };
		71356CF0211C26FF00EBDF43 /* ViewController.swift */ = {isa = PBXFileReference; lastKnownFileType = sourcecode.swift; path = ViewController.swift; sourceTree = "<group>"; };
		71356CF3211C26FF00EBDF43 /* Base */ = {isa = PBXFileReference; lastKnownFileType = file.storyboard; name = Base; path = Base.lproj/Main.storyboard; sourceTree = "<group>"; };
		71356CF5211C270000EBDF43 /* Assets.xcassets */ = {isa = PBXFileReference; lastKnownFileType = folder.assetcatalog; path = Assets.xcassets; sourceTree = "<group>"; };
		71356CF8211C270000EBDF43 /* Base */ = {isa = PBXFileReference; lastKnownFileType = file.storyboard; name = Base; path = Base.lproj/LaunchScreen.storyboard; sourceTree = "<group>"; };
		71356CFA211C270000EBDF43 /* Info.plist */ = {isa = PBXFileReference; lastKnownFileType = text.plist.xml; path = Info.plist; sourceTree = "<group>"; };
		71356D01211C271D00EBDF43 /* LZSegmentControl.swift */ = {isa = PBXFileReference; fileEncoding = 4; lastKnownFileType = sourcecode.swift; path = LZSegmentControl.swift; sourceTree = "<group>"; };
		71356D02211C271D00EBDF43 /* LZSegmentSlider.swift */ = {isa = PBXFileReference; fileEncoding = 4; lastKnownFileType = sourcecode.swift; path = LZSegmentSlider.swift; sourceTree = "<group>"; };
		71356D03211C271D00EBDF43 /* LZSegmentContent.swift */ = {isa = PBXFileReference; fileEncoding = 4; lastKnownFileType = sourcecode.swift; path = LZSegmentContent.swift; sourceTree = "<group>"; };
		71356D07211C272400EBDF43 /* FontWidthViewController.swift */ = {isa = PBXFileReference; fileEncoding = 4; lastKnownFileType = sourcecode.swift; path = FontWidthViewController.swift; sourceTree = "<group>"; };
		71356D08211C272400EBDF43 /* ExampleViewController.swift */ = {isa = PBXFileReference; fileEncoding = 4; lastKnownFileType = sourcecode.swift; path = ExampleViewController.swift; sourceTree = "<group>"; };
		71356D09211C272400EBDF43 /* CellViewController.swift */ = {isa = PBXFileReference; fileEncoding = 4; lastKnownFileType = sourcecode.swift; path = CellViewController.swift; sourceTree = "<group>"; };
		71356D0A211C272400EBDF43 /* FixedWidthLineViewController.swift */ = {isa = PBXFileReference; fileEncoding = 4; lastKnownFileType = sourcecode.swift; path = FixedWidthLineViewController.swift; sourceTree = "<group>"; };
		71356D0F211C272C00EBDF43 /* NormalViewController.swift */ = {isa = PBXFileReference; fileEncoding = 4; lastKnownFileType = sourcecode.swift; path = NormalViewController.swift; sourceTree = "<group>"; };
		71356D10211C272C00EBDF43 /* NoEffectViewController.swift */ = {isa = PBXFileReference; fileEncoding = 4; lastKnownFileType = sourcecode.swift; path = NoEffectViewController.swift; sourceTree = "<group>"; };
		71356D11211C272C00EBDF43 /* MoreViewController.swift */ = {isa = PBXFileReference; fileEncoding = 4; lastKnownFileType = sourcecode.swift; path = MoreViewController.swift; sourceTree = "<group>"; };
		71356D12211C272C00EBDF43 /* NoFontScaleViewController.swift */ = {isa = PBXFileReference; fileEncoding = 4; lastKnownFileType = sourcecode.swift; path = NoFontScaleViewController.swift; sourceTree = "<group>"; };
		71356D13211C272C00EBDF43 /* ScaleLineViewController.swift */ = {isa = PBXFileReference; fileEncoding = 4; lastKnownFileType = sourcecode.swift; path = ScaleLineViewController.swift; sourceTree = "<group>"; };
/* End PBXFileReference section */

/* Begin PBXFrameworksBuildPhase section */
		71356CE8211C26FE00EBDF43 /* Frameworks */ = {
			isa = PBXFrameworksBuildPhase;
			buildActionMask = 2147483647;
			files = (
			);
			runOnlyForDeploymentPostprocessing = 0;
		};
/* End PBXFrameworksBuildPhase section */

/* Begin PBXGroup section */
		71356CE2211C26FE00EBDF43 = {
			isa = PBXGroup;
			children = (
				71356CED211C26FF00EBDF43 /* Example */,
				71356CEC211C26FE00EBDF43 /* Products */,
			);
			sourceTree = "<group>";
		};
		71356CEC211C26FE00EBDF43 /* Products */ = {
			isa = PBXGroup;
			children = (
				71356CEB211C26FE00EBDF43 /* Example.app */,
			);
			name = Products;
			sourceTree = "<group>";
		};
		71356CED211C26FF00EBDF43 /* Example */ = {
			isa = PBXGroup;
			children = (
				71356D09211C272400EBDF43 /* CellViewController.swift */,
				71356D08211C272400EBDF43 /* ExampleViewController.swift */,
				71356D0A211C272400EBDF43 /* FixedWidthLineViewController.swift */,
				71356D07211C272400EBDF43 /* FontWidthViewController.swift */,
				71356D11211C272C00EBDF43 /* MoreViewController.swift */,
				71356D10211C272C00EBDF43 /* NoEffectViewController.swift */,
				71356D12211C272C00EBDF43 /* NoFontScaleViewController.swift */,
				71356D0F211C272C00EBDF43 /* NormalViewController.swift */,
				71356D13211C272C00EBDF43 /* ScaleLineViewController.swift */,
				71356D00211C271D00EBDF43 /* LZSegmentControl */,
				71356CEE211C26FF00EBDF43 /* AppDelegate.swift */,
				71356CF0211C26FF00EBDF43 /* ViewController.swift */,
				71356CF2211C26FF00EBDF43 /* Main.storyboard */,
				71356CF5211C270000EBDF43 /* Assets.xcassets */,
				71356CF7211C270000EBDF43 /* LaunchScreen.storyboard */,
				71356CFA211C270000EBDF43 /* Info.plist */,
			);
			path = Example;
			sourceTree = "<group>";
		};
		71356D00211C271D00EBDF43 /* LZSegmentControl */ = {
			isa = PBXGroup;
			children = (
				71356D01211C271D00EBDF43 /* LZSegmentControl.swift */,
				71356D02211C271D00EBDF43 /* LZSegmentSlider.swift */,
				71356D03211C271D00EBDF43 /* LZSegmentContent.swift */,
			);
			path = LZSegmentControl;
			sourceTree = "<group>";
		};
/* End PBXGroup section */

/* Begin PBXNativeTarget section */
		71356CEA211C26FE00EBDF43 /* Example */ = {
			isa = PBXNativeTarget;
			buildConfigurationList = 71356CFD211C270000EBDF43 /* Build configuration list for PBXNativeTarget "Example" */;
			buildPhases = (
				71356CE7211C26FE00EBDF43 /* Sources */,
				71356CE8211C26FE00EBDF43 /* Frameworks */,
				71356CE9211C26FE00EBDF43 /* Resources */,
			);
			buildRules = (
			);
			dependencies = (
			);
			name = Example;
			productName = Example;
			productReference = 71356CEB211C26FE00EBDF43 /* Example.app */;
			productType = "com.apple.product-type.application";
		};
/* End PBXNativeTarget section */

/* Begin PBXProject section */
		71356CE3211C26FE00EBDF43 /* Project object */ = {
			isa = PBXProject;
			attributes = {
				LastSwiftUpdateCheck = 1000;
				LastUpgradeCheck = 1000;
				ORGANIZATIONNAME = Ray;
				TargetAttributes = {
					71356CEA211C26FE00EBDF43 = {
						CreatedOnToolsVersion = 10.0;
					};
				};
			};
			buildConfigurationList = 71356CE6211C26FE00EBDF43 /* Build configuration list for PBXProject "Example" */;
			compatibilityVersion = "Xcode 9.3";
			developmentRegion = en;
			hasScannedForEncodings = 0;
			knownRegions = (
				en,
				Base,
			);
			mainGroup = 71356CE2211C26FE00EBDF43;
			productRefGroup = 71356CEC211C26FE00EBDF43 /* Products */;
			projectDirPath = "";
			projectRoot = "";
			targets = (
				71356CEA211C26FE00EBDF43 /* Example */,
			);
		};
/* End PBXProject section */

/* Begin PBXResourcesBuildPhase section */
		71356CE9211C26FE00EBDF43 /* Resources */ = {
			isa = PBXResourcesBuildPhase;
			buildActionMask = 2147483647;
			files = (
				71356CF9211C270000EBDF43 /* LaunchScreen.storyboard in Resources */,
				71356CF6211C270000EBDF43 /* Assets.xcassets in Resources */,
				71356CF4211C26FF00EBDF43 /* Main.storyboard in Resources */,
			);
			runOnlyForDeploymentPostprocessing = 0;
		};
/* End PBXResourcesBuildPhase section */

/* Begin PBXSourcesBuildPhase section */
		71356CE7211C26FE00EBDF43 /* Sources */ = {
			isa = PBXSourcesBuildPhase;
			buildActionMask = 2147483647;
			files = (
				71356D05211C271D00EBDF43 /* LZSegmentSlider.swift in Sources */,
				71356D15211C272C00EBDF43 /* NoEffectViewController.swift in Sources */,
				71356D04211C271D00EBDF43 /* LZSegmentControl.swift in Sources */,
				71356D18211C272C00EBDF43 /* ScaleLineViewController.swift in Sources */,
				71356D0D211C272400EBDF43 /* CellViewController.swift in Sources */,
				71356D17211C272C00EBDF43 /* NoFontScaleViewController.swift in Sources */,
				71356D14211C272C00EBDF43 /* NormalViewController.swift in Sources */,
				71356CF1211C26FF00EBDF43 /* ViewController.swift in Sources */,
				71356CEF211C26FF00EBDF43 /* AppDelegate.swift in Sources */,
				71356D0E211C272400EBDF43 /* FixedWidthLineViewController.swift in Sources */,
				71356D0C211C272400EBDF43 /* ExampleViewController.swift in Sources */,
				71356D16211C272C00EBDF43 /* MoreViewController.swift in Sources */,
				71356D0B211C272400EBDF43 /* FontWidthViewController.swift in Sources */,
				71356D06211C271D00EBDF43 /* LZSegmentContent.swift in Sources */,
			);
			runOnlyForDeploymentPostprocessing = 0;
		};
/* End PBXSourcesBuildPhase section */

/* Begin PBXVariantGroup section */
		71356CF2211C26FF00EBDF43 /* Main.storyboard */ = {
			isa = PBXVariantGroup;
			children = (
				71356CF3211C26FF00EBDF43 /* Base */,
			);
			name = Main.storyboard;
			sourceTree = "<group>";
		};
		71356CF7211C270000EBDF43 /* LaunchScreen.storyboard */ = {
			isa = PBXVariantGroup;
			children = (
				71356CF8211C270000EBDF43 /* Base */,
			);
			name = LaunchScreen.storyboard;
			sourceTree = "<group>";
		};
/* End PBXVariantGroup section */

/* Begin XCBuildConfiguration section */
		71356CFB211C270000EBDF43 /* Debug */ = {
			isa = XCBuildConfiguration;
			buildSettings = {
				ALWAYS_SEARCH_USER_PATHS = NO;
				CLANG_ANALYZER_NONNULL = YES;
				CLANG_ANALYZER_NUMBER_OBJECT_CONVERSION = YES_AGGRESSIVE;
				CLANG_CXX_LANGUAGE_STANDARD = "gnu++14";
				CLANG_CXX_LIBRARY = "libc++";
				CLANG_ENABLE_MODULES = YES;
				CLANG_ENABLE_OBJC_ARC = YES;
				CLANG_ENABLE_OBJC_WEAK = YES;
				CLANG_WARN_BLOCK_CAPTURE_AUTORELEASING = YES;
				CLANG_WARN_BOOL_CONVERSION = YES;
				CLANG_WARN_COMMA = YES;
				CLANG_WARN_CONSTANT_CONVERSION = YES;
				CLANG_WARN_DEPRECATED_OBJC_IMPLEMENTATIONS = YES;
				CLANG_WARN_DIRECT_OBJC_ISA_USAGE = YES_ERROR;
				CLANG_WARN_DOCUMENTATION_COMMENTS = YES;
				CLANG_WARN_EMPTY_BODY = YES;
				CLANG_WARN_ENUM_CONVERSION = YES;
				CLANG_WARN_INFINITE_RECURSION = YES;
				CLANG_WARN_INT_CONVERSION = YES;
				CLANG_WARN_NON_LITERAL_NULL_CONVERSION = YES;
				CLANG_WARN_OBJC_IMPLICIT_RETAIN_SELF = YES;
				CLANG_WARN_OBJC_LITERAL_CONVERSION = YES;
				CLANG_WARN_OBJC_ROOT_CLASS = YES_ERROR;
				CLANG_WARN_RANGE_LOOP_ANALYSIS = YES;
				CLANG_WARN_STRICT_PROTOTYPES = YES;
				CLANG_WARN_SUSPICIOUS_MOVE = YES;
				CLANG_WARN_UNGUARDED_AVAILABILITY = YES_AGGRESSIVE;
				CLANG_WARN_UNREACHABLE_CODE = YES;
				CLANG_WARN__DUPLICATE_METHOD_MATCH = YES;
				CODE_SIGN_IDENTITY = "iPhone Developer";
				COPY_PHASE_STRIP = NO;
				DEBUG_INFORMATION_FORMAT = dwarf;
				ENABLE_STRICT_OBJC_MSGSEND = YES;
				ENABLE_TESTABILITY = YES;
				GCC_C_LANGUAGE_STANDARD = gnu11;
				GCC_DYNAMIC_NO_PIC = NO;
				GCC_NO_COMMON_BLOCKS = YES;
				GCC_OPTIMIZATION_LEVEL = 0;
				GCC_PREPROCESSOR_DEFINITIONS = (
					"DEBUG=1",
					"$(inherited)",
				);
				GCC_WARN_64_TO_32_BIT_CONVERSION = YES;
				GCC_WARN_ABOUT_RETURN_TYPE = YES_ERROR;
				GCC_WARN_UNDECLARED_SELECTOR = YES;
				GCC_WARN_UNINITIALIZED_AUTOS = YES_AGGRESSIVE;
				GCC_WARN_UNUSED_FUNCTION = YES;
				GCC_WARN_UNUSED_VARIABLE = YES;
				IPHONEOS_DEPLOYMENT_TARGET = 12.0;
				MTL_ENABLE_DEBUG_INFO = INCLUDE_SOURCE;
				MTL_FAST_MATH = YES;
				ONLY_ACTIVE_ARCH = YES;
				SDKROOT = iphoneos;
				SWIFT_ACTIVE_COMPILATION_CONDITIONS = DEBUG;
				SWIFT_OPTIMIZATION_LEVEL = "-Onone";
			};
			name = Debug;
		};
		71356CFC211C270000EBDF43 /* Release */ = {
			isa = XCBuildConfiguration;
			buildSettings = {
				ALWAYS_SEARCH_USER_PATHS = NO;
				CLANG_ANALYZER_NONNULL = YES;
				CLANG_ANALYZER_NUMBER_OBJECT_CONVERSION = YES_AGGRESSIVE;
				CLANG_CXX_LANGUAGE_STANDARD = "gnu++14";
				CLANG_CXX_LIBRARY = "libc++";
				CLANG_ENABLE_MODULES = YES;
				CLANG_ENABLE_OBJC_ARC = YES;
				CLANG_ENABLE_OBJC_WEAK = YES;
				CLANG_WARN_BLOCK_CAPTURE_AUTORELEASING = YES;
				CLANG_WARN_BOOL_CONVERSION = YES;
				CLANG_WARN_COMMA = YES;
				CLANG_WARN_CONSTANT_CONVERSION = YES;
				CLANG_WARN_DEPRECATED_OBJC_IMPLEMENTATIONS = YES;
				CLANG_WARN_DIRECT_OBJC_ISA_USAGE = YES_ERROR;
				CLANG_WARN_DOCUMENTATION_COMMENTS = YES;
				CLANG_WARN_EMPTY_BODY = YES;
				CLANG_WARN_ENUM_CONVERSION = YES;
				CLANG_WARN_INFINITE_RECURSION = YES;
				CLANG_WARN_INT_CONVERSION = YES;
				CLANG_WARN_NON_LITERAL_NULL_CONVERSION = YES;
				CLANG_WARN_OBJC_IMPLICIT_RETAIN_SELF = YES;
				CLANG_WARN_OBJC_LITERAL_CONVERSION = YES;
				CLANG_WARN_OBJC_ROOT_CLASS = YES_ERROR;
				CLANG_WARN_RANGE_LOOP_ANALYSIS = YES;
				CLANG_WARN_STRICT_PROTOTYPES = YES;
				CLANG_WARN_SUSPICIOUS_MOVE = YES;
				CLANG_WARN_UNGUARDED_AVAILABILITY = YES_AGGRESSIVE;
				CLANG_WARN_UNREACHABLE_CODE = YES;
				CLANG_WARN__DUPLICATE_METHOD_MATCH = YES;
				CODE_SIGN_IDENTITY = "iPhone Developer";
				COPY_PHASE_STRIP = NO;
				DEBUG_INFORMATION_FORMAT = "dwarf-with-dsym";
				ENABLE_NS_ASSERTIONS = NO;
				ENABLE_STRICT_OBJC_MSGSEND = YES;
				GCC_C_LANGUAGE_STANDARD = gnu11;
				GCC_NO_COMMON_BLOCKS = YES;
				GCC_WARN_64_TO_32_BIT_CONVERSION = YES;
				GCC_WARN_ABOUT_RETURN_TYPE = YES_ERROR;
				GCC_WARN_UNDECLARED_SELECTOR = YES;
				GCC_WARN_UNINITIALIZED_AUTOS = YES_AGGRESSIVE;
				GCC_WARN_UNUSED_FUNCTION = YES;
				GCC_WARN_UNUSED_VARIABLE = YES;
				IPHONEOS_DEPLOYMENT_TARGET = 12.0;
				MTL_ENABLE_DEBUG_INFO = NO;
				MTL_FAST_MATH = YES;
				SDKROOT = iphoneos;
				SWIFT_COMPILATION_MODE = wholemodule;
				SWIFT_OPTIMIZATION_LEVEL = "-O";
				VALIDATE_PRODUCT = YES;
			};
			name = Release;
		};
		71356CFE211C270000EBDF43 /* Debug */ = {
			isa = XCBuildConfiguration;
			buildSettings = {
				ASSETCATALOG_COMPILER_APPICON_NAME = AppIcon;
				CODE_SIGN_STYLE = Automatic;
				INFOPLIST_FILE = Example/Info.plist;
				LD_RUNPATH_SEARCH_PATHS = (
					"$(inherited)",
					"@executable_path/Frameworks",
				);
				PRODUCT_BUNDLE_IDENTIFIER = com.ray.Example;
				PRODUCT_NAME = "$(TARGET_NAME)";
				SWIFT_VERSION = 4.2;
				TARGETED_DEVICE_FAMILY = "1,2";
			};
			name = Debug;
		};
		71356CFF211C270000EBDF43 /* Release */ = {
			isa = XCBuildConfiguration;
			buildSettings = {
				ASSETCATALOG_COMPILER_APPICON_NAME = AppIcon;
				CODE_SIGN_STYLE = Automatic;
				INFOPLIST_FILE = Example/Info.plist;
				LD_RUNPATH_SEARCH_PATHS = (
					"$(inherited)",
					"@executable_path/Frameworks",
				);
				PRODUCT_BUNDLE_IDENTIFIER = com.ray.Example;
				PRODUCT_NAME = "$(TARGET_NAME)";
				SWIFT_VERSION = 4.2;
				TARGETED_DEVICE_FAMILY = "1,2";
			};
			name = Release;
		};
/* End XCBuildConfiguration section */

/* Begin XCConfigurationList section */
		71356CE6211C26FE00EBDF43 /* Build configuration list for PBXProject "Example" */ = {
			isa = XCConfigurationList;
			buildConfigurations = (
				71356CFB211C270000EBDF43 /* Debug */,
				71356CFC211C270000EBDF43 /* Release */,
			);
			defaultConfigurationIsVisible = 0;
			defaultConfigurationName = Release;
		};
		71356CFD211C270000EBDF43 /* Build configuration list for PBXNativeTarget "Example" */ = {
			isa = XCConfigurationList;
			buildConfigurations = (
				71356CFE211C270000EBDF43 /* Debug */,
				71356CFF211C270000EBDF43 /* Release */,
			);
			defaultConfigurationIsVisible = 0;
			defaultConfigurationName = Release;
		};
/* End XCConfigurationList section */
	};
	rootObject = 71356CE3211C26FE00EBDF43 /* Project object */;
}
